
Microsoft Visual Studio Solution File, Format Version 11.00
# Visual Studio 2010
Project("{FAE04EC0-301F-11D3-BF4B-00C04F79EFBC}") = "Assembly-CSharp", "Assembly-CSharp.csproj", "{1f84d37e-4e75-081c-29eb-ac22cdedd0cc}"
EndProject
Project("{FAE04EC0-301F-11D3-BF4B-00C04F79EFBC}") = "Boxophobic.Utils.Scripts", "Boxophobic.Utils.Scripts.csproj", "{7baccf25-5ebb-0f6f-6d95-f0c2bef0f099}"
EndProject
Project("{FAE04EC0-301F-11D3-BF4B-00C04F79EFBC}") = "Assembly-CSharp-Editor-firstpass", "Assembly-CSharp-Editor-firstpass.csproj", "{e9b44a59-7469-9351-916a-4cb865cf8d41}"
EndProject
Project("{FAE04EC0-301F-11D3-BF4B-00C04F79EFBC}") = "Assembly-CSharp-Editor", "Assembly-CSharp-Editor.csproj", "{25b217d8-c8e1-e91f-9390-713d72b54194}"
EndProject
Project("{FAE04EC0-301F-11D3-BF4B-00C04F79EFBC}") = "Boxophobic.Utils.Editor", "Boxophobic.Utils.Editor.csproj", "{76dd4d05-cda0-6e79-0b74-c8d9b7ca3e89}"
EndProject
Project("{FAE04EC0-301F-11D3-BF4B-00C04F79EFBC}") = "Boxophobic.SkyboxCubemapExtended.Editor", "Boxophobic.SkyboxCubemapExtended.Editor.csproj", "{64ced800-7bc8-b6e5-a920-709197887428}"
EndProject
Global
	GlobalSection(SolutionConfigurationPlatforms) = preSolution
		Debug|Any CPU = Debug|Any CPU
	EndGlobalSection
	GlobalSection(ProjectConfigurationPlatforms) = postSolution
		{1f84d37e-4e75-081c-29eb-ac22cdedd0cc}.Debug|Any CPU.ActiveCfg = Debug|Any CPU
		{1f84d37e-4e75-081c-29eb-ac22cdedd0cc}.Debug|Any CPU.Build.0 = Debug|Any CPU
		{7baccf25-5ebb-0f6f-6d95-f0c2bef0f099}.Debug|Any CPU.ActiveCfg = Debug|Any CPU
		{7baccf25-5ebb-0f6f-6d95-f0c2bef0f099}.Debug|Any CPU.Build.0 = Debug|Any CPU
		{e9b44a59-7469-9351-916a-4cb865cf8d41}.Debug|Any CPU.ActiveCfg = Debug|Any CPU
		{e9b44a59-7469-9351-916a-4cb865cf8d41}.Debug|Any CPU.Build.0 = Debug|Any CPU
		{25b217d8-c8e1-e91f-9390-713d72b54194}.Debug|Any CPU.ActiveCfg = Debug|Any CPU
		{25b217d8-c8e1-e91f-9390-713d72b54194}.Debug|Any CPU.Build.0 = Debug|Any CPU
		{76dd4d05-cda0-6e79-0b74-c8d9b7ca3e89}.Debug|Any CPU.ActiveCfg = Debug|Any CPU
		{76dd4d05-cda0-6e79-0b74-c8d9b7ca3e89}.Debug|Any CPU.Build.0 = Debug|Any CPU
		{64ced800-7bc8-b6e5-a920-709197887428}.Debug|Any CPU.ActiveCfg = Debug|Any CPU
		{64ced800-7bc8-b6e5-a920-709197887428}.Debug|Any CPU.Build.0 = Debug|Any CPU
	EndGlobalSection
	GlobalSection(SolutionProperties) = preSolution
		HideSolutionNode = FALSE
	EndGlobalSection
EndGlobal
